Microsoft Visual Studio Solution File, Format Version 12.00
# Visual Studio Version 17
VisualStudioVersion = 17.5.2.0
MinimumVisualStudioVersion = 10.0.40219.1
Project("{FAE04EC0-301F-11D3-BF4B-00C04F79EFBC}") = "Pixel-Droid", "Pixel-Droid.csproj", "{761CAB76-439E-E7F6-AA39-3F327712339D}"
EndProject
Project("{2150E333-8FDC-42A3-9474-1A3956D46DE8}") = "Libs", "Libs", "{6C4D298B-81FB-2B6B-5AB6-46205EDDC72C}"
	ProjectSection(SolutionItems) = preProject
		c:\Users\Maria Antonia\Downloads\Microsoft.PackageManagement.NuGetProvider-2.8.5.208.dll = c:\Users\Maria Antonia\Downloads\Microsoft.PackageManagement.NuGetProvider-2.8.5.208.dll
	EndProjectSection
EndProject
Global
	GlobalSection(SolutionConfigurationPlatforms) = preSolution
		Debug|Any CPU = Debug|Any CPU
		Release|Any CPU = Release|Any CPU
	EndGlobalSection
	GlobalSection(ProjectConfigurationPlatforms) = postSolution
		{761CAB76-439E-E7F6-AA39-3F327712339D}.Debug|Any CPU.ActiveCfg = Debug|Any CPU
		{761CAB76-439E-E7F6-AA39-3F327712339D}.Debug|Any CPU.Build.0 = Debug|Any CPU
		{761CAB76-439E-E7F6-AA39-3F327712339D}.Release|Any CPU.ActiveCfg = Release|Any CPU
		{761CAB76-439E-E7F6-AA39-3F327712339D}.Release|Any CPU.Build.0 = Release|Any CPU
	EndGlobalSection
	GlobalSection(SolutionProperties) = preSolution
		HideSolutionNode = FALSE
	EndGlobalSection
	GlobalSection(ExtensibilityGlobals) = postSolution
		SolutionGuid = {2B0C65EB-F6E0-4A63-9CE6-7FABD8A34BE8}
	EndGlobalSection
EndGlobal
